
Microsoft Visual Studio Solution File, Format Version 12.00
# Visual Studio Version 17
VisualStudioVersion = 17.5.002.0
MinimumVisualStudioVersion = 10.0.40219.1
Project("{9A19103F-16F7-4668-BE54-9A1E7A4F7556}") = "Лабораторная работа 5. Вразовский Иван", "Лабораторная работа 5. Вразовский Иван.csproj", "{431289D0-8EB7-4594-87C2-787D2A5DAE96}"
EndProject
Global
	GlobalSection(SolutionConfigurationPlatforms) = preSolution
		Debug|Any CPU = Debug|Any CPU
		Release|Any CPU = Release|Any CPU
	EndGlobalSection
	GlobalSection(ProjectConfigurationPlatforms) = postSolution
		{431289D0-8EB7-4594-87C2-787D2A5DAE96}.Debug|Any CPU.ActiveCfg = Debug|Any CPU
		{431289D0-8EB7-4594-87C2-787D2A5DAE96}.Debug|Any CPU.Build.0 = Debug|Any CPU
		{431289D0-8EB7-4594-87C2-787D2A5DAE96}.Release|Any CPU.ActiveCfg = Release|Any CPU
		{431289D0-8EB7-4594-87C2-787D2A5DAE96}.Release|Any CPU.Build.0 = Release|Any CPU
	EndGlobalSection
	GlobalSection(SolutionProperties) = preSolution
		HideSolutionNode = FALSE
	EndGlobalSection
	GlobalSection(ExtensibilityGlobals) = postSolution
		SolutionGuid = {766965B4-01D2-4B96-881F-E1BFB5152C0A}
	EndGlobalSection
EndGlobal
