
Microsoft Visual Studio Solution File, Format Version 12.00
# Visual Studio Version 17
VisualStudioVersion = 17.5.002.0
MinimumVisualStudioVersion = 10.0.40219.1
Project("{9A19103F-16F7-4668-BE54-9A1E7A4F7556}") = "Task 3", "Task 3.csproj", "{D167DBE7-252C-47CC-BEA5-B03F84BDD3B2}"
EndProject
Global
	GlobalSection(SolutionConfigurationPlatforms) = preSolution
		Debug|Any CPU = Debug|Any CPU
		Release|Any CPU = Release|Any CPU
	EndGlobalSection
	GlobalSection(ProjectConfigurationPlatforms) = postSolution
		{D167DBE7-252C-47CC-BEA5-B03F84BDD3B2}.Debug|Any CPU.ActiveCfg = Debug|Any CPU
		{D167DBE7-252C-47CC-BEA5-B03F84BDD3B2}.Debug|Any CPU.Build.0 = Debug|Any CPU
		{D167DBE7-252C-47CC-BEA5-B03F84BDD3B2}.Release|Any CPU.ActiveCfg = Release|Any CPU
		{D167DBE7-252C-47CC-BEA5-B03F84BDD3B2}.Release|Any CPU.Build.0 = Release|Any CPU
	EndGlobalSection
	GlobalSection(SolutionProperties) = preSolution
		HideSolutionNode = FALSE
	EndGlobalSection
	GlobalSection(ExtensibilityGlobals) = postSolution
		SolutionGuid = {6D3B4BE0-49BE-4C46-80EB-84CDDE8813C0}
	EndGlobalSection
EndGlobal
