
Microsoft Visual Studio Solution File, Format Version 12.00
# Visual Studio Version 17
VisualStudioVersion = 17.5.002.0
MinimumVisualStudioVersion = 10.0.40219.1
Project("{9A19103F-16F7-4668-BE54-9A1E7A4F7556}") = "Task2", "Task2.csproj", "{040F235D-B850-4EBA-B24D-1FEBA4643546}"
EndProject
Global
	GlobalSection(SolutionConfigurationPlatforms) = preSolution
		Debug|Any CPU = Debug|Any CPU
		Release|Any CPU = Release|Any CPU
	EndGlobalSection
	GlobalSection(ProjectConfigurationPlatforms) = postSolution
		{040F235D-B850-4EBA-B24D-1FEBA4643546}.Debug|Any CPU.ActiveCfg = Debug|Any CPU
		{040F235D-B850-4EBA-B24D-1FEBA4643546}.Debug|Any CPU.Build.0 = Debug|Any CPU
		{040F235D-B850-4EBA-B24D-1FEBA4643546}.Release|Any CPU.ActiveCfg = Release|Any CPU
		{040F235D-B850-4EBA-B24D-1FEBA4643546}.Release|Any CPU.Build.0 = Release|Any CPU
	EndGlobalSection
	GlobalSection(SolutionProperties) = preSolution
		HideSolutionNode = FALSE
	EndGlobalSection
	GlobalSection(ExtensibilityGlobals) = postSolution
		SolutionGuid = {B3C744C9-7842-40F0-BAE8-07D8170723DE}
	EndGlobalSection
EndGlobal
